
Microsoft Visual Studio Solution File, Format Version 12.00
# Visual Studio Version 17
VisualStudioVersion = 17.4.33213.308
MinimumVisualStudioVersion = 10.0.40219.1
Project("{FAE04EC0-301F-11D3-BF4B-00C04F79EFBC}") = "StocksAppWithConfiguration", "StocksAppWithConfiguration\StocksAppWithConfiguration.csproj", "{0AA31B46-C952-4CCE-90BD-8ACA6B770AF2}"
EndProject
Global
	GlobalSection(SolutionConfigurationPlatforms) = preSolution
		Debug|Any CPU = Debug|Any CPU
		Release|Any CPU = Release|Any CPU
	EndGlobalSection
	GlobalSection(ProjectConfigurationPlatforms) = postSolution
		{0AA31B46-C952-4CCE-90BD-8ACA6B770AF2}.Debug|Any CPU.ActiveCfg = Debug|Any CPU
		{0AA31B46-C952-4CCE-90BD-8ACA6B770AF2}.Debug|Any CPU.Build.0 = Debug|Any CPU
		{0AA31B46-C952-4CCE-90BD-8ACA6B770AF2}.Release|Any CPU.ActiveCfg = Release|Any CPU
		{0AA31B46-C952-4CCE-90BD-8ACA6B770AF2}.Release|Any CPU.Build.0 = Release|Any CPU
	EndGlobalSection
	GlobalSection(SolutionProperties) = preSolution
		HideSolutionNode = FALSE
	EndGlobalSection
	GlobalSection(ExtensibilityGlobals) = postSolution
		SolutionGuid = {93538A71-120D-4FFE-A149-1A20E2A9D5C1}
	EndGlobalSection
EndGlobal
